
Microsoft Visual Studio Solution File, Format Version 12.00
# Visual Studio Version 17
VisualStudioVersion = 17.6.33723.286
MinimumVisualStudioVersion = 10.0.40219.1
Project("{FAE04EC0-301F-11D3-BF4B-00C04F79EFBC}") = "SampleAspNetMvcApp", "SampleAspNetMvcApp\SampleAspNetMvcApp.csproj", "{D6A99B7A-799C-4034-9C06-96338013854A}"
EndProject
Global
	GlobalSection(SolutionConfigurationPlatforms) = preSolution
		Debug|Any CPU = Debug|Any CPU
		Release|Any CPU = Release|Any CPU
	EndGlobalSection
	GlobalSection(ProjectConfigurationPlatforms) = postSolution
		{D6A99B7A-799C-4034-9C06-96338013854A}.Debug|Any CPU.ActiveCfg = Debug|Any CPU
		{D6A99B7A-799C-4034-9C06-96338013854A}.Debug|Any CPU.Build.0 = Debug|Any CPU
		{D6A99B7A-799C-4034-9C06-96338013854A}.Release|Any CPU.ActiveCfg = Release|Any CPU
		{D6A99B7A-799C-4034-9C06-96338013854A}.Release|Any CPU.Build.0 = Release|Any CPU
	EndGlobalSection
	GlobalSection(SolutionProperties) = preSolution
		HideSolutionNode = FALSE
	EndGlobalSection
	GlobalSection(ExtensibilityGlobals) = postSolution
		SolutionGuid = {EE7F1619-3510-488D-BB67-5926C69C8D65}
	EndGlobalSection
EndGlobal
